
Microsoft Visual Studio Solution File, Format Version 12.00
# Visual Studio Version 16
VisualStudioVersion = 16.0.33328.57
MinimumVisualStudioVersion = 10.0.40219.1
Project("{9A19103F-16F7-4668-BE54-9A1E7A4F7556}") = "SumOFArray", "Practice_Qwer\SumOFArray.csproj", "{16836608-F445-4B1F-80F8-F1EB8A02F0AD}"
EndProject
Project("{9A19103F-16F7-4668-BE54-9A1E7A4F7556}") = "FindMINMAx", "FindMINMAx\FindMINMAx.csproj", "{38489AA3-E4CB-41F3-98B7-462B85165752}"
EndProject
Project("{9A19103F-16F7-4668-BE54-9A1E7A4F7556}") = "ReverseArray", "ReverseArray\ReverseArray.csproj", "{5D9F5EFC-B2C9-43E9-93CA-D3756EEFD7BE}"
EndProject
Project("{9A19103F-16F7-4668-BE54-9A1E7A4F7556}") = "SearchingElement", "SearchingElement\SearchingElement.csproj", "{936FCF86-EC6A-46BF-95C3-4F52EA2C8A66}"
EndProject
Project("{9A19103F-16F7-4668-BE54-9A1E7A4F7556}") = "RemoveDuplicate", "RemoveDuplicate\RemoveDuplicate.csproj", "{4B4873FF-2086-40ED-A20D-A77D00708CF5}"
EndProject
Project("{9A19103F-16F7-4668-BE54-9A1E7A4F7556}") = "RotateArray", "RotateArray\RotateArray.csproj", "{DB01A4E0-DAE9-433C-8C0B-7BAF2BB0FC4A}"
EndProject
Project("{9A19103F-16F7-4668-BE54-9A1E7A4F7556}") = "ReverseString", "ReverseString\ReverseString.csproj", "{0A8740BA-3B9E-4F78-9DDA-C257CD9E7018}"
EndProject
Project("{9A19103F-16F7-4668-BE54-9A1E7A4F7556}") = "TwoSum", "TwoSum\TwoSum.csproj", "{CE04480B-6233-48E2-8236-34D015F90E35}"
EndProject
Project("{9A19103F-16F7-4668-BE54-9A1E7A4F7556}") = "MaxSubArray", "MaxSubArray\MaxSubArray.csproj", "{D2E97AAC-EEF7-49D0-BB82-959D12A765A1}"
EndProject
Project("{2150E333-8FDC-42A3-9474-1A3956D46DE8}") = "Questions", "Questions", "{3B01F886-32A1-40C4-926F-549F68F9407E}"
	ProjectSection(SolutionItems) = preProject
		Questions.txt = Questions.txt
	EndProjectSection
EndProject
Project("{9A19103F-16F7-4668-BE54-9A1E7A4F7556}") = "Palindrome", "Palindrome\Palindrome.csproj", "{B9EDFC50-B87D-4866-A74A-96DE32D70108}"
EndProject
Project("{FAE04EC0-301F-11D3-BF4B-00C04F79EFBC}") = "MoveZeroes", "MoveZeroes\MoveZeroes.csproj", "{0DCC9BDF-9FCA-4FE9-B235-303BBC2509EC}"
EndProject
Project("{2150E333-8FDC-42A3-9474-1A3956D46DE8}") = "LINQ Questions", "LINQ Questions", "{9D6557B6-75A4-4E42-94CE-D877BEF6D186}"
EndProject
Project("{FAE04EC0-301F-11D3-BF4B-00C04F79EFBC}") = "Basic", "Basic\Basic.csproj", "{4E545E1C-B5D6-48AD-820D-85F621B3E59E}"
EndProject
Project("{2150E333-8FDC-42A3-9474-1A3956D46DE8}") = "Questions", "Questions", "{424DB56C-812D-4581-B154-FB66EB8F5C40}"
	ProjectSection(SolutionItems) = preProject
		TextFile1.txt = TextFile1.txt
	EndProjectSection
EndProject
Project("{FAE04EC0-301F-11D3-BF4B-00C04F79EFBC}") = "Filtering And Projection", "Filtering And Projection\Filtering And Projection.csproj", "{776EFCDA-A3C8-4F3D-A40A-6E923CC802A8}"
EndProject
Project("{FAE04EC0-301F-11D3-BF4B-00C04F79EFBC}") = "Filtering 2", "Filtering 2\Filtering 2.csproj", "{E4267C67-A1CA-4D0E-B316-C6D4E37C35B7}"
EndProject
Project("{FAE04EC0-301F-11D3-BF4B-00C04F79EFBC}") = "Filtering3", "Filtering3\Filtering3.csproj", "{45F4725C-9907-4855-94F2-F4199317FFE8}"
EndProject
Project("{FAE04EC0-301F-11D3-BF4B-00C04F79EFBC}") = "SortingAndOrdering1", "SortingAndOrdering\SortingAndOrdering1.csproj", "{4140365E-76E8-41D6-96DA-38881FFB150C}"
EndProject
Project("{FAE04EC0-301F-11D3-BF4B-00C04F79EFBC}") = "SortingAndOrdering2", "SortingAndOrdering2\SortingAndOrdering2.csproj", "{04B14518-7E70-4615-AA73-0501705C2FC1}"
EndProject
Project("{FAE04EC0-301F-11D3-BF4B-00C04F79EFBC}") = "SortingAndOrdering3", "SortingAndOrdering3\SortingAndOrdering3.csproj", "{B1A93D4D-C23A-4383-849C-37568321543B}"
EndProject
Project("{FAE04EC0-301F-11D3-BF4B-00C04F79EFBC}") = "GroupingandAggregation1", "GroupingandAggregation1\GroupingandAggregation1.csproj", "{5C0BADBF-DD7E-4EC3-B280-A045CB0279F7}"
EndProject
Project("{FAE04EC0-301F-11D3-BF4B-00C04F79EFBC}") = "GroupingAnd Aggregation2", "GroupingAnd Aggregation\GroupingAnd Aggregation2.csproj", "{A9FCE367-F1DD-43F1-9FF9-7B1F3D89D256}"
EndProject
Project("{FAE04EC0-301F-11D3-BF4B-00C04F79EFBC}") = "GroupingAnd Aggregation3", "GroupingAnd Aggregation3\GroupingAnd Aggregation3.csproj", "{651147BB-B439-459E-850B-8311BB161A71}"
EndProject
Project("{FAE04EC0-301F-11D3-BF4B-00C04F79EFBC}") = "Joining and Combining1", "Joining and Combining1\Joining and Combining1.csproj", "{1C27E213-F733-4F8C-B801-EDD28C24ACF0}"
EndProject
Project("{FAE04EC0-301F-11D3-BF4B-00C04F79EFBC}") = "Joining and Combining2", "Joining and Combining2\Joining and Combining2.csproj", "{9852B620-BD56-4789-8747-C001472CA788}"
EndProject
Project("{FAE04EC0-301F-11D3-BF4B-00C04F79EFBC}") = "JoiningAndCombining 3", "JoiningAndCombining 3\JoiningAndCombining 3.csproj", "{790DD3A0-78E1-435A-BBEA-C936E617881B}"
EndProject
Project("{FAE04EC0-301F-11D3-BF4B-00C04F79EFBC}") = "Nested Queries and Subqueries1", "Nested Queries and Subqueries1\Nested Queries and Subqueries1.csproj", "{6439FC18-BD49-4F77-ACF7-42076103B289}"
EndProject
Project("{FAE04EC0-301F-11D3-BF4B-00C04F79EFBC}") = "NestedQueriesAndSubQueries2", "NestedQueriesAndSubQueries\NestedQueriesAndSubQueries2.csproj", "{0F4381B3-5A30-46E1-9282-0D679823F2FC}"
EndProject
Project("{FAE04EC0-301F-11D3-BF4B-00C04F79EFBC}") = "NestedQueriesAndSubQueries3", "NestedQueriesAndSubQueries3\NestedQueriesAndSubQueries3.csproj", "{2D672EB0-4B2A-4565-862E-551F4907EE5A}"
EndProject
Project("{2150E333-8FDC-42A3-9474-1A3956D46DE8}") = "Interview Questions", "Interview Questions", "{D4A09288-5586-4625-A20B-A598AD798482}"
EndProject
Project("{2150E333-8FDC-42A3-9474-1A3956D46DE8}") = "Problem Solving", "Problem Solving", "{9F8BDCFE-E8DD-41E5-AA32-A3A3294345E8}"
EndProject
Project("{2150E333-8FDC-42A3-9474-1A3956D46DE8}") = "String Manipulation", "String Manipulation", "{967FF2A5-295A-4F71-940F-DC583389D4C2}"
EndProject
Project("{FAE04EC0-301F-11D3-BF4B-00C04F79EFBC}") = "ReverseStringImp", "ReverseStringImp\ReverseStringImp.csproj", "{E732BA9E-2C17-421E-8401-1A19026D7E50}"
EndProject
Project("{FAE04EC0-301F-11D3-BF4B-00C04F79EFBC}") = "CheckPalindrome", "CheckPalindrome\CheckPalindrome.csproj", "{74DD45F5-38B4-4657-A2A0-39DEE6309096}"
EndProject
Project("{FAE04EC0-301F-11D3-BF4B-00C04F79EFBC}") = "CheckPalindromeLINQ", "CheckPalindromeLINQ\CheckPalindromeLINQ.csproj", "{0D43D2F9-AC42-4AE8-8A9E-11C6CB4B0027}"
EndProject
Global
	GlobalSection(SolutionConfigurationPlatforms) = preSolution
		Debug|Any CPU = Debug|Any CPU
		Release|Any CPU = Release|Any CPU
	EndGlobalSection
	GlobalSection(ProjectConfigurationPlatforms) = postSolution
		{16836608-F445-4B1F-80F8-F1EB8A02F0AD}.Debug|Any CPU.ActiveCfg = Debug|Any CPU
		{16836608-F445-4B1F-80F8-F1EB8A02F0AD}.Debug|Any CPU.Build.0 = Debug|Any CPU
		{16836608-F445-4B1F-80F8-F1EB8A02F0AD}.Release|Any CPU.ActiveCfg = Release|Any CPU
		{16836608-F445-4B1F-80F8-F1EB8A02F0AD}.Release|Any CPU.Build.0 = Release|Any CPU
		{38489AA3-E4CB-41F3-98B7-462B85165752}.Debug|Any CPU.ActiveCfg = Debug|Any CPU
		{38489AA3-E4CB-41F3-98B7-462B85165752}.Debug|Any CPU.Build.0 = Debug|Any CPU
		{38489AA3-E4CB-41F3-98B7-462B85165752}.Release|Any CPU.ActiveCfg = Release|Any CPU
		{38489AA3-E4CB-41F3-98B7-462B85165752}.Release|Any CPU.Build.0 = Release|Any CPU
		{5D9F5EFC-B2C9-43E9-93CA-D3756EEFD7BE}.Debug|Any CPU.ActiveCfg = Debug|Any CPU
		{5D9F5EFC-B2C9-43E9-93CA-D3756EEFD7BE}.Debug|Any CPU.Build.0 = Debug|Any CPU
		{5D9F5EFC-B2C9-43E9-93CA-D3756EEFD7BE}.Release|Any CPU.ActiveCfg = Release|Any CPU
		{5D9F5EFC-B2C9-43E9-93CA-D3756EEFD7BE}.Release|Any CPU.Build.0 = Release|Any CPU
		{936FCF86-EC6A-46BF-95C3-4F52EA2C8A66}.Debug|Any CPU.ActiveCfg = Debug|Any CPU
		{936FCF86-EC6A-46BF-95C3-4F52EA2C8A66}.Debug|Any CPU.Build.0 = Debug|Any CPU
		{936FCF86-EC6A-46BF-95C3-4F52EA2C8A66}.Release|Any CPU.ActiveCfg = Release|Any CPU
		{936FCF86-EC6A-46BF-95C3-4F52EA2C8A66}.Release|Any CPU.Build.0 = Release|Any CPU
		{4B4873FF-2086-40ED-A20D-A77D00708CF5}.Debug|Any CPU.ActiveCfg = Debug|Any CPU
		{4B4873FF-2086-40ED-A20D-A77D00708CF5}.Debug|Any CPU.Build.0 = Debug|Any CPU
		{4B4873FF-2086-40ED-A20D-A77D00708CF5}.Release|Any CPU.ActiveCfg = Release|Any CPU
		{4B4873FF-2086-40ED-A20D-A77D00708CF5}.Release|Any CPU.Build.0 = Release|Any CPU
		{DB01A4E0-DAE9-433C-8C0B-7BAF2BB0FC4A}.Debug|Any CPU.ActiveCfg = Debug|Any CPU
		{DB01A4E0-DAE9-433C-8C0B-7BAF2BB0FC4A}.Debug|Any CPU.Build.0 = Debug|Any CPU
		{DB01A4E0-DAE9-433C-8C0B-7BAF2BB0FC4A}.Release|Any CPU.ActiveCfg = Release|Any CPU
		{DB01A4E0-DAE9-433C-8C0B-7BAF2BB0FC4A}.Release|Any CPU.Build.0 = Release|Any CPU
		{0A8740BA-3B9E-4F78-9DDA-C257CD9E7018}.Debug|Any CPU.ActiveCfg = Debug|Any CPU
		{0A8740BA-3B9E-4F78-9DDA-C257CD9E7018}.Debug|Any CPU.Build.0 = Debug|Any CPU
		{0A8740BA-3B9E-4F78-9DDA-C257CD9E7018}.Release|Any CPU.ActiveCfg = Release|Any CPU
		{0A8740BA-3B9E-4F78-9DDA-C257CD9E7018}.Release|Any CPU.Build.0 = Release|Any CPU
		{CE04480B-6233-48E2-8236-34D015F90E35}.Debug|Any CPU.ActiveCfg = Debug|Any CPU
		{CE04480B-6233-48E2-8236-34D015F90E35}.Debug|Any CPU.Build.0 = Debug|Any CPU
		{CE04480B-6233-48E2-8236-34D015F90E35}.Release|Any CPU.ActiveCfg = Release|Any CPU
		{CE04480B-6233-48E2-8236-34D015F90E35}.Release|Any CPU.Build.0 = Release|Any CPU
		{D2E97AAC-EEF7-49D0-BB82-959D12A765A1}.Debug|Any CPU.ActiveCfg = Debug|Any CPU
		{D2E97AAC-EEF7-49D0-BB82-959D12A765A1}.Debug|Any CPU.Build.0 = Debug|Any CPU
		{D2E97AAC-EEF7-49D0-BB82-959D12A765A1}.Release|Any CPU.ActiveCfg = Release|Any CPU
		{D2E97AAC-EEF7-49D0-BB82-959D12A765A1}.Release|Any CPU.Build.0 = Release|Any CPU
		{B9EDFC50-B87D-4866-A74A-96DE32D70108}.Debug|Any CPU.ActiveCfg = Debug|Any CPU
		{B9EDFC50-B87D-4866-A74A-96DE32D70108}.Debug|Any CPU.Build.0 = Debug|Any CPU
		{B9EDFC50-B87D-4866-A74A-96DE32D70108}.Release|Any CPU.ActiveCfg = Release|Any CPU
		{B9EDFC50-B87D-4866-A74A-96DE32D70108}.Release|Any CPU.Build.0 = Release|Any CPU
		{0DCC9BDF-9FCA-4FE9-B235-303BBC2509EC}.Debug|Any CPU.ActiveCfg = Debug|Any CPU
		{0DCC9BDF-9FCA-4FE9-B235-303BBC2509EC}.Debug|Any CPU.Build.0 = Debug|Any CPU
		{0DCC9BDF-9FCA-4FE9-B235-303BBC2509EC}.Release|Any CPU.ActiveCfg = Release|Any CPU
		{0DCC9BDF-9FCA-4FE9-B235-303BBC2509EC}.Release|Any CPU.Build.0 = Release|Any CPU
		{4E545E1C-B5D6-48AD-820D-85F621B3E59E}.Debug|Any CPU.ActiveCfg = Debug|Any CPU
		{4E545E1C-B5D6-48AD-820D-85F621B3E59E}.Debug|Any CPU.Build.0 = Debug|Any CPU
		{4E545E1C-B5D6-48AD-820D-85F621B3E59E}.Release|Any CPU.ActiveCfg = Release|Any CPU
		{4E545E1C-B5D6-48AD-820D-85F621B3E59E}.Release|Any CPU.Build.0 = Release|Any CPU
		{776EFCDA-A3C8-4F3D-A40A-6E923CC802A8}.Debug|Any CPU.ActiveCfg = Debug|Any CPU
		{776EFCDA-A3C8-4F3D-A40A-6E923CC802A8}.Debug|Any CPU.Build.0 = Debug|Any CPU
		{776EFCDA-A3C8-4F3D-A40A-6E923CC802A8}.Release|Any CPU.ActiveCfg = Release|Any CPU
		{776EFCDA-A3C8-4F3D-A40A-6E923CC802A8}.Release|Any CPU.Build.0 = Release|Any CPU
		{E4267C67-A1CA-4D0E-B316-C6D4E37C35B7}.Debug|Any CPU.ActiveCfg = Debug|Any CPU
		{E4267C67-A1CA-4D0E-B316-C6D4E37C35B7}.Debug|Any CPU.Build.0 = Debug|Any CPU
		{E4267C67-A1CA-4D0E-B316-C6D4E37C35B7}.Release|Any CPU.ActiveCfg = Release|Any CPU
		{E4267C67-A1CA-4D0E-B316-C6D4E37C35B7}.Release|Any CPU.Build.0 = Release|Any CPU
		{45F4725C-9907-4855-94F2-F4199317FFE8}.Debug|Any CPU.ActiveCfg = Debug|Any CPU
		{45F4725C-9907-4855-94F2-F4199317FFE8}.Debug|Any CPU.Build.0 = Debug|Any CPU
		{45F4725C-9907-4855-94F2-F4199317FFE8}.Release|Any CPU.ActiveCfg = Release|Any CPU
		{45F4725C-9907-4855-94F2-F4199317FFE8}.Release|Any CPU.Build.0 = Release|Any CPU
		{4140365E-76E8-41D6-96DA-38881FFB150C}.Debug|Any CPU.ActiveCfg = Debug|Any CPU
		{4140365E-76E8-41D6-96DA-38881FFB150C}.Debug|Any CPU.Build.0 = Debug|Any CPU
		{4140365E-76E8-41D6-96DA-38881FFB150C}.Release|Any CPU.ActiveCfg = Release|Any CPU
		{4140365E-76E8-41D6-96DA-38881FFB150C}.Release|Any CPU.Build.0 = Release|Any CPU
		{04B14518-7E70-4615-AA73-0501705C2FC1}.Debug|Any CPU.ActiveCfg = Debug|Any CPU
		{04B14518-7E70-4615-AA73-0501705C2FC1}.Debug|Any CPU.Build.0 = Debug|Any CPU
		{04B14518-7E70-4615-AA73-0501705C2FC1}.Release|Any CPU.ActiveCfg = Release|Any CPU
		{04B14518-7E70-4615-AA73-0501705C2FC1}.Release|Any CPU.Build.0 = Release|Any CPU
		{B1A93D4D-C23A-4383-849C-37568321543B}.Debug|Any CPU.ActiveCfg = Debug|Any CPU
		{B1A93D4D-C23A-4383-849C-37568321543B}.Debug|Any CPU.Build.0 = Debug|Any CPU
		{B1A93D4D-C23A-4383-849C-37568321543B}.Release|Any CPU.ActiveCfg = Release|Any CPU
		{B1A93D4D-C23A-4383-849C-37568321543B}.Release|Any CPU.Build.0 = Release|Any CPU
		{5C0BADBF-DD7E-4EC3-B280-A045CB0279F7}.Debug|Any CPU.ActiveCfg = Debug|Any CPU
		{5C0BADBF-DD7E-4EC3-B280-A045CB0279F7}.Debug|Any CPU.Build.0 = Debug|Any CPU
		{5C0BADBF-DD7E-4EC3-B280-A045CB0279F7}.Release|Any CPU.ActiveCfg = Release|Any CPU
		{5C0BADBF-DD7E-4EC3-B280-A045CB0279F7}.Release|Any CPU.Build.0 = Release|Any CPU
		{A9FCE367-F1DD-43F1-9FF9-7B1F3D89D256}.Debug|Any CPU.ActiveCfg = Debug|Any CPU
		{A9FCE367-F1DD-43F1-9FF9-7B1F3D89D256}.Debug|Any CPU.Build.0 = Debug|Any CPU
		{A9FCE367-F1DD-43F1-9FF9-7B1F3D89D256}.Release|Any CPU.ActiveCfg = Release|Any CPU
		{A9FCE367-F1DD-43F1-9FF9-7B1F3D89D256}.Release|Any CPU.Build.0 = Release|Any CPU
		{651147BB-B439-459E-850B-8311BB161A71}.Debug|Any CPU.ActiveCfg = Debug|Any CPU
		{651147BB-B439-459E-850B-8311BB161A71}.Debug|Any CPU.Build.0 = Debug|Any CPU
		{651147BB-B439-459E-850B-8311BB161A71}.Release|Any CPU.ActiveCfg = Release|Any CPU
		{651147BB-B439-459E-850B-8311BB161A71}.Release|Any CPU.Build.0 = Release|Any CPU
		{1C27E213-F733-4F8C-B801-EDD28C24ACF0}.Debug|Any CPU.ActiveCfg = Debug|Any CPU
		{1C27E213-F733-4F8C-B801-EDD28C24ACF0}.Debug|Any CPU.Build.0 = Debug|Any CPU
		{1C27E213-F733-4F8C-B801-EDD28C24ACF0}.Release|Any CPU.ActiveCfg = Release|Any CPU
		{1C27E213-F733-4F8C-B801-EDD28C24ACF0}.Release|Any CPU.Build.0 = Release|Any CPU
		{9852B620-BD56-4789-8747-C001472CA788}.Debug|Any CPU.ActiveCfg = Debug|Any CPU
		{9852B620-BD56-4789-8747-C001472CA788}.Debug|Any CPU.Build.0 = Debug|Any CPU
		{9852B620-BD56-4789-8747-C001472CA788}.Release|Any CPU.ActiveCfg = Release|Any CPU
		{9852B620-BD56-4789-8747-C001472CA788}.Release|Any CPU.Build.0 = Release|Any CPU
		{790DD3A0-78E1-435A-BBEA-C936E617881B}.Debug|Any CPU.ActiveCfg = Debug|Any CPU
		{790DD3A0-78E1-435A-BBEA-C936E617881B}.Debug|Any CPU.Build.0 = Debug|Any CPU
		{790DD3A0-78E1-435A-BBEA-C936E617881B}.Release|Any CPU.ActiveCfg = Release|Any CPU
		{790DD3A0-78E1-435A-BBEA-C936E617881B}.Release|Any CPU.Build.0 = Release|Any CPU
		{6439FC18-BD49-4F77-ACF7-42076103B289}.Debug|Any CPU.ActiveCfg = Debug|Any CPU
		{6439FC18-BD49-4F77-ACF7-42076103B289}.Debug|Any CPU.Build.0 = Debug|Any CPU
		{6439FC18-BD49-4F77-ACF7-42076103B289}.Release|Any CPU.ActiveCfg = Release|Any CPU
		{6439FC18-BD49-4F77-ACF7-42076103B289}.Release|Any CPU.Build.0 = Release|Any CPU
		{0F4381B3-5A30-46E1-9282-0D679823F2FC}.Debug|Any CPU.ActiveCfg = Debug|Any CPU
		{0F4381B3-5A30-46E1-9282-0D679823F2FC}.Debug|Any CPU.Build.0 = Debug|Any CPU
		{0F4381B3-5A30-46E1-9282-0D679823F2FC}.Release|Any CPU.ActiveCfg = Release|Any CPU
		{0F4381B3-5A30-46E1-9282-0D679823F2FC}.Release|Any CPU.Build.0 = Release|Any CPU
		{2D672EB0-4B2A-4565-862E-551F4907EE5A}.Debug|Any CPU.ActiveCfg = Debug|Any CPU
		{2D672EB0-4B2A-4565-862E-551F4907EE5A}.Debug|Any CPU.Build.0 = Debug|Any CPU
		{2D672EB0-4B2A-4565-862E-551F4907EE5A}.Release|Any CPU.ActiveCfg = Release|Any CPU
		{2D672EB0-4B2A-4565-862E-551F4907EE5A}.Release|Any CPU.Build.0 = Release|Any CPU
		{E732BA9E-2C17-421E-8401-1A19026D7E50}.Debug|Any CPU.ActiveCfg = Debug|Any CPU
		{E732BA9E-2C17-421E-8401-1A19026D7E50}.Debug|Any CPU.Build.0 = Debug|Any CPU
		{E732BA9E-2C17-421E-8401-1A19026D7E50}.Release|Any CPU.ActiveCfg = Release|Any CPU
		{E732BA9E-2C17-421E-8401-1A19026D7E50}.Release|Any CPU.Build.0 = Release|Any CPU
		{74DD45F5-38B4-4657-A2A0-39DEE6309096}.Debug|Any CPU.ActiveCfg = Debug|Any CPU
		{74DD45F5-38B4-4657-A2A0-39DEE6309096}.Debug|Any CPU.Build.0 = Debug|Any CPU
		{74DD45F5-38B4-4657-A2A0-39DEE6309096}.Release|Any CPU.ActiveCfg = Release|Any CPU
		{74DD45F5-38B4-4657-A2A0-39DEE6309096}.Release|Any CPU.Build.0 = Release|Any CPU
		{0D43D2F9-AC42-4AE8-8A9E-11C6CB4B0027}.Debug|Any CPU.ActiveCfg = Debug|Any CPU
		{0D43D2F9-AC42-4AE8-8A9E-11C6CB4B0027}.Debug|Any CPU.Build.0 = Debug|Any CPU
		{0D43D2F9-AC42-4AE8-8A9E-11C6CB4B0027}.Release|Any CPU.ActiveCfg = Release|Any CPU
		{0D43D2F9-AC42-4AE8-8A9E-11C6CB4B0027}.Release|Any CPU.Build.0 = Release|Any CPU
	EndGlobalSection
	GlobalSection(SolutionProperties) = preSolution
		HideSolutionNode = FALSE
	EndGlobalSection
	GlobalSection(NestedProjects) = preSolution
		{4E545E1C-B5D6-48AD-820D-85F621B3E59E} = {9D6557B6-75A4-4E42-94CE-D877BEF6D186}
		{424DB56C-812D-4581-B154-FB66EB8F5C40} = {9D6557B6-75A4-4E42-94CE-D877BEF6D186}
		{776EFCDA-A3C8-4F3D-A40A-6E923CC802A8} = {9D6557B6-75A4-4E42-94CE-D877BEF6D186}
		{E4267C67-A1CA-4D0E-B316-C6D4E37C35B7} = {9D6557B6-75A4-4E42-94CE-D877BEF6D186}
		{45F4725C-9907-4855-94F2-F4199317FFE8} = {9D6557B6-75A4-4E42-94CE-D877BEF6D186}
		{4140365E-76E8-41D6-96DA-38881FFB150C} = {9D6557B6-75A4-4E42-94CE-D877BEF6D186}
		{04B14518-7E70-4615-AA73-0501705C2FC1} = {9D6557B6-75A4-4E42-94CE-D877BEF6D186}
		{B1A93D4D-C23A-4383-849C-37568321543B} = {9D6557B6-75A4-4E42-94CE-D877BEF6D186}
		{5C0BADBF-DD7E-4EC3-B280-A045CB0279F7} = {9D6557B6-75A4-4E42-94CE-D877BEF6D186}
		{A9FCE367-F1DD-43F1-9FF9-7B1F3D89D256} = {9D6557B6-75A4-4E42-94CE-D877BEF6D186}
		{651147BB-B439-459E-850B-8311BB161A71} = {9D6557B6-75A4-4E42-94CE-D877BEF6D186}
		{1C27E213-F733-4F8C-B801-EDD28C24ACF0} = {9D6557B6-75A4-4E42-94CE-D877BEF6D186}
		{9852B620-BD56-4789-8747-C001472CA788} = {9D6557B6-75A4-4E42-94CE-D877BEF6D186}
		{790DD3A0-78E1-435A-BBEA-C936E617881B} = {9D6557B6-75A4-4E42-94CE-D877BEF6D186}
		{6439FC18-BD49-4F77-ACF7-42076103B289} = {9D6557B6-75A4-4E42-94CE-D877BEF6D186}
		{0F4381B3-5A30-46E1-9282-0D679823F2FC} = {9D6557B6-75A4-4E42-94CE-D877BEF6D186}
		{2D672EB0-4B2A-4565-862E-551F4907EE5A} = {9D6557B6-75A4-4E42-94CE-D877BEF6D186}
		{9F8BDCFE-E8DD-41E5-AA32-A3A3294345E8} = {D4A09288-5586-4625-A20B-A598AD798482}
		{967FF2A5-295A-4F71-940F-DC583389D4C2} = {9F8BDCFE-E8DD-41E5-AA32-A3A3294345E8}
		{E732BA9E-2C17-421E-8401-1A19026D7E50} = {967FF2A5-295A-4F71-940F-DC583389D4C2}
		{74DD45F5-38B4-4657-A2A0-39DEE6309096} = {967FF2A5-295A-4F71-940F-DC583389D4C2}
		{0D43D2F9-AC42-4AE8-8A9E-11C6CB4B0027} = {967FF2A5-295A-4F71-940F-DC583389D4C2}
	EndGlobalSection
	GlobalSection(ExtensibilityGlobals) = postSolution
		SolutionGuid = {8E54849B-B5A2-445D-8DE5-46D8571A9111}
	EndGlobalSection
EndGlobal
